{
  "nodes": {
    "cheatsheets": {
      "flake": false,
      "locked": {
        "lastModified": 1671300617,
        "narHash": "sha256-Afv0rPlYTCsyWvYx8UObKs6Me8IOH5Cv5u4fO38J8ns=",
        "owner": "cheat",
        "repo": "cheatsheets",
        "rev": "36bdb99dcfadde210503d8c2dcf94b34ee950e1d",
        "type": "github"
      },
      "original": {
        "owner": "cheat",
        "repo": "cheatsheets",
        "type": "github"
      }
    },
    "exa": {
      "flake": false,
      "locked": {
        "lastModified": 1658161502,
        "narHash": "sha256-lB6i4HlxZhhaDGZ5l4iT0DlG5HciVL8ARC82hJww8k0=",
        "owner": "ogham",
        "repo": "exa",
        "rev": "e385cd58da9d2e86425250b108e87e4a69904f5c",
        "type": "github"
      },
      "original": {
        "owner": "ogham",
        "repo": "exa",
        "type": "github"
      }
    },
    "flake-utils": {
      "locked": {
        "lastModified": 1676283394,
        "narHash": "sha256-XX2f9c3iySLCw54rJ/CZs+ZK6IQy7GXNY4nSOyu2QG4=",
        "owner": "numtide",
        "repo": "flake-utils",
        "rev": "3db36a8b464d0c4532ba1c7dda728f4576d6d073",
        "type": "github"
      },
      "original": {
        "owner": "numtide",
        "repo": "flake-utils",
        "type": "github"
      }
    },
    "home-manager": {
      "inputs": {
        "nixpkgs": [
          "nixpkgs"
        ],
        "utils": "utils"
      },
      "locked": {
        "lastModified": 1675935446,
        "narHash": "sha256-WajulTn7QdwC7QuXRBavrANuIXE5z+08EdxdRw1qsNs=",
        "owner": "nix-community",
        "repo": "home-manager",
        "rev": "2dce7f1a55e785a22d61668516df62899278c9e4",
        "type": "github"
      },
      "original": {
        "owner": "nix-community",
        "repo": "home-manager",
        "type": "github"
      }
    },
    "icat": {
      "flake": false,
      "locked": {
        "lastModified": 1673327607,
        "narHash": "sha256-b/2mRzCTyGkz2I1U+leUhspvW77VcHN7Awp+BVdVNRM=",
        "owner": "atextor",
        "repo": "icat",
        "rev": "9b5aa622fdfbfbd37a97c9b8d3258100e1d26cd6",
        "type": "github"
      },
      "original": {
        "owner": "atextor",
        "repo": "icat",
        "type": "github"
      }
    },
    "lunarvim": {
      "flake": false,
      "locked": {
        "lastModified": 1668975487,
        "narHash": "sha256-HHfqFi6SHmbKjvmkI5uDvDccN4uyKsjSVEdaZJ2s7xc=",
        "owner": "lunarvim",
        "repo": "lunarvim",
        "rev": "8f4a7bdeb177bed5458ab9cc213519faa8a11859",
        "type": "github"
      },
      "original": {
        "owner": "lunarvim",
        "ref": "release-1.2/neovim-0.8",
        "repo": "lunarvim",
        "type": "github"
      }
    },
    "nix-index-database": {
      "inputs": {
        "nixpkgs": [
          "nixpkgs"
        ]
      },
      "locked": {
        "lastModified": 1676172252,
        "narHash": "sha256-Q5yJPpgbvOTgB0NQTJmlx3di1Sj5QQhSrjv38u6MzsQ=",
        "owner": "Mic92",
        "repo": "nix-index-database",
        "rev": "89e3b689e0ae9bac4c6cdc24d1085d81baeebde4",
        "type": "github"
      },
      "original": {
        "owner": "Mic92",
        "repo": "nix-index-database",
        "type": "github"
      }
    },
    "nixpkgs": {
      "locked": {
        "lastModified": 1676202775,
        "narHash": "sha256-gV/RnfVZkGLHn+5rmX2GSh5aquVHpWOJw1cnpEV03tQ=",
        "owner": "NixOS",
        "repo": "nixpkgs",
        "rev": "d917136f550a8c36efb1724390c7245105f79023",
        "type": "github"
      },
      "original": {
        "owner": "NixOS",
        "ref": "nixos-unstable",
        "repo": "nixpkgs",
        "type": "github"
      }
    },
    "root": {
      "inputs": {
        "cheatsheets": "cheatsheets",
        "exa": "exa",
        "flake-utils": "flake-utils",
        "home-manager": "home-manager",
        "icat": "icat",
        "lunarvim": "lunarvim",
        "nix-index-database": "nix-index-database",
        "nixpkgs": "nixpkgs",
        "termshot": "termshot"
      }
    },
    "termshot": {
      "flake": false,
      "locked": {
        "lastModified": 1675951380,
        "narHash": "sha256-fQPDGHM1vjWs070e9rZBSlduryDY2jO02joaU0/lBjs=",
        "owner": "homeport",
        "repo": "termshot",
        "rev": "fb83973dd14219b42ea81053633cd2bd1c8b763f",
        "type": "github"
      },
      "original": {
        "owner": "homeport",
        "repo": "termshot",
        "type": "github"
      }
    },
    "utils": {
      "locked": {
        "lastModified": 1667395993,
        "narHash": "sha256-nuEHfE/LcWyuSWnS8t12N1wc105Qtau+/OdUAjtQ0rA=",
        "owner": "numtide",
        "repo": "flake-utils",
        "rev": "5aed5285a952e0b949eb3ba02c12fa4fcfef535f",
        "type": "github"
      },
      "original": {
        "owner": "numtide",
        "repo": "flake-utils",
        "type": "github"
      }
    }
  },
  "root": "root",
  "version": 7
}
